
Microsoft Visual Studio Solution File, Format Version 12.00
# Visual Studio Version 17
VisualStudioVersion = 17.4.33213.308
MinimumVisualStudioVersion = 10.0.40219.1
Project("{FAE04EC0-301F-11D3-BF4B-00C04F79EFBC}") = "Java-anatomia-CLASS", "Java-anatomia-CLASS\Java-anatomia-CLASS.csproj", "{5C13D3F0-B153-4926-B015-9C3F574F68AF}"
EndProject
Global
	GlobalSection(SolutionConfigurationPlatforms) = preSolution
		Debug|Any CPU = Debug|Any CPU
		Release|Any CPU = Release|Any CPU
	EndGlobalSection
	GlobalSection(ProjectConfigurationPlatforms) = postSolution
		{5C13D3F0-B153-4926-B015-9C3F574F68AF}.Debug|Any CPU.ActiveCfg = Debug|Any CPU
		{5C13D3F0-B153-4926-B015-9C3F574F68AF}.Debug|Any CPU.Build.0 = Debug|Any CPU
		{5C13D3F0-B153-4926-B015-9C3F574F68AF}.Release|Any CPU.ActiveCfg = Release|Any CPU
		{5C13D3F0-B153-4926-B015-9C3F574F68AF}.Release|Any CPU.Build.0 = Release|Any CPU
	EndGlobalSection
	GlobalSection(SolutionProperties) = preSolution
		HideSolutionNode = FALSE
	EndGlobalSection
	GlobalSection(ExtensibilityGlobals) = postSolution
		SolutionGuid = {08319531-F9C8-4700-BF3D-E9C74FE31228}
	EndGlobalSection
EndGlobal
